<?xml version="1.0" encoding="utf-8"?>
<Project ToolsVersion="4.0" xmlns="http://schemas.microsoft.com/developer/msbuild/2003">
  <ItemGroup>
    <ClCompile Include="..\..\..\..\Developer\Horde\Private\AgentMessage.cpp" />
    <ClCompile Include="..\..\..\..\Developer\Horde\Private\ComputeBuffer.cpp" />
    <ClCompile Include="..\..\..\..\Developer\Horde\Private\ComputeChannel.cpp" />
    <ClCompile Include="..\..\..\..\Developer\Horde\Private\ComputePlatform.cpp" />
    <ClCompile Include="..\..\..\..\Developer\Horde\Private\ComputeSocket.cpp" />
    <ClCompile Include="..\..\..\..\Developer\Horde\Private\ComputeTransport.cpp" />
    <ClCompile Include="Main.cpp" />
    <ClCompile Include="Tests.cpp" />
  </ItemGroup>
  <ItemGroup>
    <ClInclude Include="..\..\..\..\Developer\Horde\Public\AgentMessage.h" />
    <ClInclude Include="..\..\..\..\Developer\Horde\Public\ComputeBuffer.h" />
    <ClInclude Include="..\..\..\..\Developer\Horde\Public\ComputeChannel.h" />
    <ClInclude Include="..\..\..\..\Developer\Horde\Public\ComputePlatform.h" />
    <ClInclude Include="..\..\..\..\Developer\Horde\Public\ComputeSocket.h" />
    <ClInclude Include="..\..\..\..\Developer\Horde\Public\ComputeTransport.h" />
  </ItemGroup>
</Project>